// !$*UTF8*$!
{
	archiveVersion = 1;
	classes = {
	};
	objectVersion = 46;
	objects = {

/* Begin PBXBuildFile section */
		D23DDA331FC96E8F003FEF35 /* BezierPathView.m in Sources */ = {isa = PBXBuildFile; fileRef = D23DDA321FC96E8F003FEF35 /* BezierPathView.m */; };
		D25557591F91B1A30039A7F5 /* CircleCountDown.m in Sources */ = {isa = PBXBuildFile; fileRef = D25557581F91B1A30039A7F5 /* CircleCountDown.m */; };
		D25557611F920BB20039A7F5 /* WaveView.m in Sources */ = {isa = PBXBuildFile; fileRef = D25557601F920BB20039A7F5 /* WaveView.m */; };
		D27F85751F4FF88600916135 /* main.m in Sources */ = {isa = PBXBuildFile; fileRef = D27F85741F4FF88600916135 /* main.m */; };
		D27F85781F4FF88600916135 /* AppDelegate.m in Sources */ = {isa = PBXBuildFile; fileRef = D27F85771F4FF88600916135 /* AppDelegate.m */; };
		D27F857B1F4FF88600916135 /* ViewController.m in Sources */ = {isa = PBXBuildFile; fileRef = D27F857A1F4FF88600916135 /* ViewController.m */; };
		D27F857E1F4FF88600916135 /* Main.storyboard in Resources */ = {isa = PBXBuildFile; fileRef = D27F857C1F4FF88600916135 /* Main.storyboard */; };
		D27F85801F4FF88600916135 /* Assets.xcassets in Resources */ = {isa = PBXBuildFile; fileRef = D27F857F1F4FF88600916135 /* Assets.xcassets */; };
		D27F85831F4FF88600916135 /* LaunchScreen.storyboard in Resources */ = {isa = PBXBuildFile; fileRef = D27F85811F4FF88600916135 /* LaunchScreen.storyboard */; };
		D27F858E1F4FF88600916135 /* CGContextRefDemoTests.m in Sources */ = {isa = PBXBuildFile; fileRef = D27F858D1F4FF88600916135 /* CGContextRefDemoTests.m */; };
		D27F85991F4FF88600916135 /* CGContextRefDemoUITests.m in Sources */ = {isa = PBXBuildFile; fileRef = D27F85981F4FF88600916135 /* CGContextRefDemoUITests.m */; };
		D27F85A81F4FF8AC00916135 /* CustomView.m in Sources */ = {isa = PBXBuildFile; fileRef = D27F85A71F4FF8AC00916135 /* CustomView.m */; };
		D27F85AA1F511D5200916135 /* apple.png in Resources */ = {isa = PBXBuildFile; fileRef = D27F85A91F511D5100916135 /* apple.png */; };
/* End PBXBuildFile section */

/* Begin PBXContainerItemProxy section */
		D27F858A1F4FF88600916135 /* PBXContainerItemProxy */ = {
			isa = PBXContainerItemProxy;
			containerPortal = D27F85681F4FF88500916135 /* Project object */;
			proxyType = 1;
			remoteGlobalIDString = D27F856F1F4FF88600916135;
			remoteInfo = CGContextRefDemo;
		};
		D27F85951F4FF88600916135 /* PBXContainerItemProxy */ = {
			isa = PBXContainerItemProxy;
			containerPortal = D27F85681F4FF88500916135 /* Project object */;
			proxyType = 1;
			remoteGlobalIDString = D27F856F1F4FF88600916135;
			remoteInfo = CGContextRefDemo;
		};
/* End PBXContainerItemProxy section */

/* Begin PBXFileReference section */
		D23DDA311FC96E8F003FEF35 /* BezierPathView.h */ = {isa = PBXFileReference; fileEncoding = 4; lastKnownFileType = sourcecode.c.h; path = BezierPathView.h; sourceTree = "<group>"; };
		D23DDA321FC96E8F003FEF35 /* BezierPathView.m */ = {isa = PBXFileReference; fileEncoding = 4; lastKnownFileType = sourcecode.c.objc; path = BezierPathView.m; sourceTree = "<group>"; };
		D25557571F91B1A30039A7F5 /* CircleCountDown.h */ = {isa = PBXFileReference; fileEncoding = 4; lastKnownFileType = sourcecode.c.h; path = CircleCountDown.h; sourceTree = "<group>"; };
		D25557581F91B1A30039A7F5 /* CircleCountDown.m */ = {isa = PBXFileReference; fileEncoding = 4; lastKnownFileType = sourcecode.c.objc; path = CircleCountDown.m; sourceTree = "<group>"; };
		D255575F1F920BB20039A7F5 /* WaveView.h */ = {isa = PBXFileReference; fileEncoding = 4; lastKnownFileType = sourcecode.c.h; path = WaveView.h; sourceTree = "<group>"; };
		D25557601F920BB20039A7F5 /* WaveView.m */ = {isa = PBXFileReference; fileEncoding = 4; lastKnownFileType = sourcecode.c.objc; path = WaveView.m; sourceTree = "<group>"; };
		D27F85701F4FF88600916135 /* CGContextRefDemo.app */ = {isa = PBXFileReference; explicitFileType = wrapper.application; includeInIndex = 0; path = CGContextRefDemo.app; sourceTree = BUILT_PRODUCTS_DIR; };
		D27F85741F4FF88600916135 /* main.m */ = {isa = PBXFileReference; lastKnownFileType = sourcecode.c.objc; path = main.m; sourceTree = "<group>"; };
		D27F85761F4FF88600916135 /* AppDelegate.h */ = {isa = PBXFileReference; lastKnownFileType = sourcecode.c.h; path = AppDelegate.h; sourceTree = "<group>"; };
		D27F85771F4FF88600916135 /* AppDelegate.m */ = {isa = PBXFileReference; lastKnownFileType = sourcecode.c.objc; path = AppDelegate.m; sourceTree = "<group>"; };
		D27F85791F4FF88600916135 /* ViewController.h */ = {isa = PBXFileReference; lastKnownFileType = sourcecode.c.h; path = ViewController.h; sourceTree = "<group>"; };
		D27F857A1F4FF88600916135 /* ViewController.m */ = {isa = PBXFileReference; lastKnownFileType = sourcecode.c.objc; path = ViewController.m; sourceTree = "<group>"; };
		D27F857D1F4FF88600916135 /* Base */ = {isa = PBXFileReference; lastKnownFileType = file.storyboard; name = Base; path = Base.lproj/Main.storyboard; sourceTree = "<group>"; };
		D27F857F1F4FF88600916135 /* Assets.xcassets */ = {isa = PBXFileReference; lastKnownFileType = folder.assetcatalog; path = Assets.xcassets; sourceTree = "<group>"; };
		D27F85821F4FF88600916135 /* Base */ = {isa = PBXFileReference; lastKnownFileType = file.storyboard; name = Base; path = Base.lproj/LaunchScreen.storyboard; sourceTree = "<group>"; };
		D27F85841F4FF88600916135 /* Info.plist */ = {isa = PBXFileReference; lastKnownFileType = text.plist.xml; path = Info.plist; sourceTree = "<group>"; };
		D27F85891F4FF88600916135 /* CGContextRefDemoTests.xctest */ = {isa = PBXFileReference; explicitFileType = wrapper.cfbundle; includeInIndex = 0; path = CGContextRefDemoTests.xctest; sourceTree = BUILT_PRODUCTS_DIR; };
		D27F858D1F4FF88600916135 /* CGContextRefDemoTests.m */ = {isa = PBXFileReference; lastKnownFileType = sourcecode.c.objc; path = CGContextRefDemoTests.m; sourceTree = "<group>"; };
		D27F858F1F4FF88600916135 /* Info.plist */ = {isa = PBXFileReference; lastKnownFileType = text.plist.xml; path = Info.plist; sourceTree = "<group>"; };
		D27F85941F4FF88600916135 /* CGContextRefDemoUITests.xctest */ = {isa = PBXFileReference; explicitFileType = wrapper.cfbundle; includeInIndex = 0; path = CGContextRefDemoUITests.xctest; sourceTree = BUILT_PRODUCTS_DIR; };
		D27F85981F4FF88600916135 /* CGContextRefDemoUITests.m */ = {isa = PBXFileReference; lastKnownFileType = sourcecode.c.objc; path = CGContextRefDemoUITests.m; sourceTree = "<group>"; };
		D27F859A1F4FF88600916135 /* Info.plist */ = {isa = PBXFileReference; lastKnownFileType = text.plist.xml; path = Info.plist; sourceTree = "<group>"; };
		D27F85A61F4FF8AC00916135 /* CustomView.h */ = {isa = PBXFileReference; fileEncoding = 4; lastKnownFileType = sourcecode.c.h; path = CustomView.h; sourceTree = "<group>"; };
		D27F85A71F4FF8AC00916135 /* CustomView.m */ = {isa = PBXFileReference; fileEncoding = 4; lastKnownFileType = sourcecode.c.objc; path = CustomView.m; sourceTree = "<group>"; };
		D27F85A91F511D5100916135 /* apple.png */ = {isa = PBXFileReference; lastKnownFileType = image.png; path = apple.png; sourceTree = "<group>"; };
/* End PBXFileReference section */

/* Begin PBXFrameworksBuildPhase section */
		D27F856D1F4FF88600916135 /* Frameworks */ = {
			isa = PBXFrameworksBuildPhase;
			buildActionMask = 2147483647;
			files = (
			);
			runOnlyForDeploymentPostprocessing = 0;
		};
		D27F85861F4FF88600916135 /* Frameworks */ = {
			isa = PBXFrameworksBuildPhase;
			buildActionMask = 2147483647;
			files = (
			);
			runOnlyForDeploymentPostprocessing = 0;
		};
		D27F85911F4FF88600916135 /* Frameworks */ = {
			isa = PBXFrameworksBuildPhase;
			buildActionMask = 2147483647;
			files = (
			);
			runOnlyForDeploymentPostprocessing = 0;
		};
/* End PBXFrameworksBuildPhase section */

/* Begin PBXGroup section */
		D23DDA2F1FC96E43003FEF35 /* CGContextRef绘制 */ = {
			isa = PBXGroup;
			children = (
				D27F85A61F4FF8AC00916135 /* CustomView.h */,
				D27F85A71F4FF8AC00916135 /* CustomView.m */,
			);
			name = "CGContextRef绘制";
			sourceTree = "<group>";
		};
		D23DDA301FC96E62003FEF35 /* UIBezierPath绘制 */ = {
			isa = PBXGroup;
			children = (
				D23DDA311FC96E8F003FEF35 /* BezierPathView.h */,
				D23DDA321FC96E8F003FEF35 /* BezierPathView.m */,
			);
			name = "UIBezierPath绘制";
			sourceTree = "<group>";
		};
		D25557551F91B1720039A7F5 /* 静态绘制 */ = {
			isa = PBXGroup;
			children = (
				D23DDA2F1FC96E43003FEF35 /* CGContextRef绘制 */,
				D23DDA301FC96E62003FEF35 /* UIBezierPath绘制 */,
			);
			name = "静态绘制";
			sourceTree = "<group>";
		};
		D25557561F91B1800039A7F5 /* 动态绘制 */ = {
			isa = PBXGroup;
			children = (
				D255575D1F920B7B0039A7F5 /* 圆形进度条 */,
				D255575E1F920B910039A7F5 /* 双波浪进度条 */,
			);
			name = "动态绘制";
			sourceTree = "<group>";
		};
		D255575D1F920B7B0039A7F5 /* 圆形进度条 */ = {
			isa = PBXGroup;
			children = (
				D25557571F91B1A30039A7F5 /* CircleCountDown.h */,
				D25557581F91B1A30039A7F5 /* CircleCountDown.m */,
			);
			name = "圆形进度条";
			sourceTree = "<group>";
		};
		D255575E1F920B910039A7F5 /* 双波浪进度条 */ = {
			isa = PBXGroup;
			children = (
				D255575F1F920BB20039A7F5 /* WaveView.h */,
				D25557601F920BB20039A7F5 /* WaveView.m */,
			);
			name = "双波浪进度条";
			sourceTree = "<group>";
		};
		D27F85671F4FF88500916135 = {
			isa = PBXGroup;
			children = (
				D27F85721F4FF88600916135 /* CGContextRefDemo */,
				D27F858C1F4FF88600916135 /* CGContextRefDemoTests */,
				D27F85971F4FF88600916135 /* CGContextRefDemoUITests */,
				D27F85711F4FF88600916135 /* Products */,
			);
			sourceTree = "<group>";
		};
		D27F85711F4FF88600916135 /* Products */ = {
			isa = PBXGroup;
			children = (
				D27F85701F4FF88600916135 /* CGContextRefDemo.app */,
				D27F85891F4FF88600916135 /* CGContextRefDemoTests.xctest */,
				D27F85941F4FF88600916135 /* CGContextRefDemoUITests.xctest */,
			);
			name = Products;
			sourceTree = "<group>";
		};
		D27F85721F4FF88600916135 /* CGContextRefDemo */ = {
			isa = PBXGroup;
			children = (
				D27F857C1F4FF88600916135 /* Main.storyboard */,
				D27F85791F4FF88600916135 /* ViewController.h */,
				D27F857A1F4FF88600916135 /* ViewController.m */,
				D25557551F91B1720039A7F5 /* 静态绘制 */,
				D25557561F91B1800039A7F5 /* 动态绘制 */,
				D27F85731F4FF88600916135 /* Supporting Files */,
			);
			path = CGContextRefDemo;
			sourceTree = "<group>";
		};
		D27F85731F4FF88600916135 /* Supporting Files */ = {
			isa = PBXGroup;
			children = (
				D27F85A91F511D5100916135 /* apple.png */,
				D27F85761F4FF88600916135 /* AppDelegate.h */,
				D27F85771F4FF88600916135 /* AppDelegate.m */,
				D27F857F1F4FF88600916135 /* Assets.xcassets */,
				D27F85811F4FF88600916135 /* LaunchScreen.storyboard */,
				D27F85841F4FF88600916135 /* Info.plist */,
				D27F85741F4FF88600916135 /* main.m */,
			);
			name = "Supporting Files";
			sourceTree = "<group>";
		};
		D27F858C1F4FF88600916135 /* CGContextRefDemoTests */ = {
			isa = PBXGroup;
			children = (
				D27F858D1F4FF88600916135 /* CGContextRefDemoTests.m */,
				D27F858F1F4FF88600916135 /* Info.plist */,
			);
			path = CGContextRefDemoTests;
			sourceTree = "<group>";
		};
		D27F85971F4FF88600916135 /* CGContextRefDemoUITests */ = {
			isa = PBXGroup;
			children = (
				D27F85981F4FF88600916135 /* CGContextRefDemoUITests.m */,
				D27F859A1F4FF88600916135 /* Info.plist */,
			);
			path = CGContextRefDemoUITests;
			sourceTree = "<group>";
		};
/* End PBXGroup section */

/* Begin PBXNativeTarget section */
		D27F856F1F4FF88600916135 /* CGContextRefDemo */ = {
			isa = PBXNativeTarget;
			buildConfigurationList = D27F859D1F4FF88600916135 /* Build configuration list for PBXNativeTarget "CGContextRefDemo" */;
			buildPhases = (
				D27F856C1F4FF88600916135 /* Sources */,
				D27F856D1F4FF88600916135 /* Frameworks */,
				D27F856E1F4FF88600916135 /* Resources */,
			);
			buildRules = (
			);
			dependencies = (
			);
			name = CGContextRefDemo;
			productName = CGContextRefDemo;
			productReference = D27F85701F4FF88600916135 /* CGContextRefDemo.app */;
			productType = "com.apple.product-type.application";
		};
		D27F85881F4FF88600916135 /* CGContextRefDemoTests */ = {
			isa = PBXNativeTarget;
			buildConfigurationList = D27F85A01F4FF88600916135 /* Build configuration list for PBXNativeTarget "CGContextRefDemoTests" */;
			buildPhases = (
				D27F85851F4FF88600916135 /* Sources */,
				D27F85861F4FF88600916135 /* Frameworks */,
				D27F85871F4FF88600916135 /* Resources */,
			);
			buildRules = (
			);
			dependencies = (
				D27F858B1F4FF88600916135 /* PBXTargetDependency */,
			);
			name = CGContextRefDemoTests;
			productName = CGContextRefDemoTests;
			productReference = D27F85891F4FF88600916135 /* CGContextRefDemoTests.xctest */;
			productType = "com.apple.product-type.bundle.unit-test";
		};
		D27F85931F4FF88600916135 /* CGContextRefDemoUITests */ = {
			isa = PBXNativeTarget;
			buildConfigurationList = D27F85A31F4FF88600916135 /* Build configuration list for PBXNativeTarget "CGContextRefDemoUITests" */;
			buildPhases = (
				D27F85901F4FF88600916135 /* Sources */,
				D27F85911F4FF88600916135 /* Frameworks */,
				D27F85921F4FF88600916135 /* Resources */,
			);
			buildRules = (
			);
			dependencies = (
				D27F85961F4FF88600916135 /* PBXTargetDependency */,
			);
			name = CGContextRefDemoUITests;
			productName = CGContextRefDemoUITests;
			productReference = D27F85941F4FF88600916135 /* CGContextRefDemoUITests.xctest */;
			productType = "com.apple.product-type.bundle.ui-testing";
		};
/* End PBXNativeTarget section */

/* Begin PBXProject section */
		D27F85681F4FF88500916135 /* Project object */ = {
			isa = PBXProject;
			attributes = {
				LastUpgradeCheck = 0830;
				ORGANIZATIONNAME = "杜文亮";
				TargetAttributes = {
					D27F856F1F4FF88600916135 = {
						CreatedOnToolsVersion = 8.3.3;
						ProvisioningStyle = Automatic;
					};
					D27F85881F4FF88600916135 = {
						CreatedOnToolsVersion = 8.3.3;
						ProvisioningStyle = Automatic;
						TestTargetID = D27F856F1F4FF88600916135;
					};
					D27F85931F4FF88600916135 = {
						CreatedOnToolsVersion = 8.3.3;
						ProvisioningStyle = Automatic;
						TestTargetID = D27F856F1F4FF88600916135;
					};
				};
			};
			buildConfigurationList = D27F856B1F4FF88500916135 /* Build configuration list for PBXProject "CGContextRefDemo" */;
			compatibilityVersion = "Xcode 3.2";
			developmentRegion = English;
			hasScannedForEncodings = 0;
			knownRegions = (
				en,
				Base,
			);
			mainGroup = D27F85671F4FF88500916135;
			productRefGroup = D27F85711F4FF88600916135 /* Products */;
			projectDirPath = "";
			projectRoot = "";
			targets = (
				D27F856F1F4FF88600916135 /* CGContextRefDemo */,
				D27F85881F4FF88600916135 /* CGContextRefDemoTests */,
				D27F85931F4FF88600916135 /* CGContextRefDemoUITests */,
			);
		};
/* End PBXProject section */

/* Begin PBXResourcesBuildPhase section */
		D27F856E1F4FF88600916135 /* Resources */ = {
			isa = PBXResourcesBuildPhase;
			buildActionMask = 2147483647;
			files = (
				D27F85831F4FF88600916135 /* LaunchScreen.storyboard in Resources */,
				D27F85801F4FF88600916135 /* Assets.xcassets in Resources */,
				D27F857E1F4FF88600916135 /* Main.storyboard in Resources */,
				D27F85AA1F511D5200916135 /* apple.png in Resources */,
			);
			runOnlyForDeploymentPostprocessing = 0;
		};
		D27F85871F4FF88600916135 /* Resources */ = {
			isa = PBXResourcesBuildPhase;
			buildActionMask = 2147483647;
			files = (
			);
			runOnlyForDeploymentPostprocessing = 0;
		};
		D27F85921F4FF88600916135 /* Resources */ = {
			isa = PBXResourcesBuildPhase;
			buildActionMask = 2147483647;
			files = (
			);
			runOnlyForDeploymentPostprocessing = 0;
		};
/* End PBXResourcesBuildPhase section */

/* Begin PBXSourcesBuildPhase section */
		D27F856C1F4FF88600916135 /* Sources */ = {
			isa = PBXSourcesBuildPhase;
			buildActionMask = 2147483647;
			files = (
				D27F857B1F4FF88600916135 /* ViewController.m in Sources */,
				D27F85A81F4FF8AC00916135 /* CustomView.m in Sources */,
				D27F85781F4FF88600916135 /* AppDelegate.m in Sources */,
				D27F85751F4FF88600916135 /* main.m in Sources */,
				D25557591F91B1A30039A7F5 /* CircleCountDown.m in Sources */,
				D23DDA331FC96E8F003FEF35 /* BezierPathView.m in Sources */,
				D25557611F920BB20039A7F5 /* WaveView.m in Sources */,
			);
			runOnlyForDeploymentPostprocessing = 0;
		};
		D27F85851F4FF88600916135 /* Sources */ = {
			isa = PBXSourcesBuildPhase;
			buildActionMask = 2147483647;
			files = (
				D27F858E1F4FF88600916135 /* CGContextRefDemoTests.m in Sources */,
			);
			runOnlyForDeploymentPostprocessing = 0;
		};
		D27F85901F4FF88600916135 /* Sources */ = {
			isa = PBXSourcesBuildPhase;
			buildActionMask = 2147483647;
			files = (
				D27F85991F4FF88600916135 /* CGContextRefDemoUITests.m in Sources */,
			);
			runOnlyForDeploymentPostprocessing = 0;
		};
/* End PBXSourcesBuildPhase section */

/* Begin PBXTargetDependency section */
		D27F858B1F4FF88600916135 /* PBXTargetDependency */ = {
			isa = PBXTargetDependency;
			target = D27F856F1F4FF88600916135 /* CGContextRefDemo */;
			targetProxy = D27F858A1F4FF88600916135 /* PBXContainerItemProxy */;
		};
		D27F85961F4FF88600916135 /* PBXTargetDependency */ = {
			isa = PBXTargetDependency;
			target = D27F856F1F4FF88600916135 /* CGContextRefDemo */;
			targetProxy = D27F85951F4FF88600916135 /* PBXContainerItemProxy */;
		};
/* End PBXTargetDependency section */

/* Begin PBXVariantGroup section */
		D27F857C1F4FF88600916135 /* Main.storyboard */ = {
			isa = PBXVariantGroup;
			children = (
				D27F857D1F4FF88600916135 /* Base */,
			);
			name = Main.storyboard;
			sourceTree = "<group>";
		};
		D27F85811F4FF88600916135 /* LaunchScreen.storyboard */ = {
			isa = PBXVariantGroup;
			children = (
				D27F85821F4FF88600916135 /* Base */,
			);
			name = LaunchScreen.storyboard;
			sourceTree = "<group>";
		};
/* End PBXVariantGroup section */

/* Begin XCBuildConfiguration section */
		D27F859B1F4FF88600916135 /* Debug */ = {
			isa = XCBuildConfiguration;
			buildSettings = {
				ALWAYS_SEARCH_USER_PATHS = NO;
				CLANG_ANALYZER_NONNULL = YES;
				CLANG_ANALYZER_NUMBER_OBJECT_CONVERSION = YES_AGGRESSIVE;
				CLANG_CXX_LANGUAGE_STANDARD = "gnu++0x";
				CLANG_CXX_LIBRARY = "libc++";
				CLANG_ENABLE_MODULES = YES;
				CLANG_ENABLE_OBJC_ARC = YES;
				CLANG_WARN_BOOL_CONVERSION = YES;
				CLANG_WARN_CONSTANT_CONVERSION = YES;
				CLANG_WARN_DIRECT_OBJC_ISA_USAGE = YES_ERROR;
				CLANG_WARN_DOCUMENTATION_COMMENTS = YES;
				CLANG_WARN_EMPTY_BODY = YES;
				CLANG_WARN_ENUM_CONVERSION = YES;
				CLANG_WARN_INFINITE_RECURSION = YES;
				CLANG_WARN_INT_CONVERSION = YES;
				CLANG_WARN_OBJC_ROOT_CLASS = YES_ERROR;
				CLANG_WARN_SUSPICIOUS_MOVE = YES;
				CLANG_WARN_UNREACHABLE_CODE = YES;
				CLANG_WARN__DUPLICATE_METHOD_MATCH = YES;
				"CODE_SIGN_IDENTITY[sdk=iphoneos*]" = "iPhone Developer";
				COPY_PHASE_STRIP = NO;
				DEBUG_INFORMATION_FORMAT = dwarf;
				ENABLE_STRICT_OBJC_MSGSEND = YES;
				ENABLE_TESTABILITY = YES;
				GCC_C_LANGUAGE_STANDARD = gnu99;
				GCC_DYNAMIC_NO_PIC = NO;
				GCC_NO_COMMON_BLOCKS = YES;
				GCC_OPTIMIZATION_LEVEL = 0;
				GCC_PREPROCESSOR_DEFINITIONS = (
					"DEBUG=1",
					"$(inherited)",
				);
				GCC_WARN_64_TO_32_BIT_CONVERSION = YES;
				GCC_WARN_ABOUT_RETURN_TYPE = YES_ERROR;
				GCC_WARN_UNDECLARED_SELECTOR = YES;
				GCC_WARN_UNINITIALIZED_AUTOS = YES_AGGRESSIVE;
				GCC_WARN_UNUSED_FUNCTION = YES;
				GCC_WARN_UNUSED_VARIABLE = YES;
				IPHONEOS_DEPLOYMENT_TARGET = 10.3;
				MTL_ENABLE_DEBUG_INFO = YES;
				ONLY_ACTIVE_ARCH = YES;
				SDKROOT = iphoneos;
			};
			name = Debug;
		};
		D27F859C1F4FF88600916135 /* Release */ = {
			isa = XCBuildConfiguration;
			buildSettings = {
				ALWAYS_SEARCH_USER_PATHS = NO;
				CLANG_ANALYZER_NONNULL = YES;
				CLANG_ANALYZER_NUMBER_OBJECT_CONVERSION = YES_AGGRESSIVE;
				CLANG_CXX_LANGUAGE_STANDARD = "gnu++0x";
				CLANG_CXX_LIBRARY = "libc++";
				CLANG_ENABLE_MODULES = YES;
				CLANG_ENABLE_OBJC_ARC = YES;
				CLANG_WARN_BOOL_CONVERSION = YES;
				CLANG_WARN_CONSTANT_CONVERSION = YES;
				CLANG_WARN_DIRECT_OBJC_ISA_USAGE = YES_ERROR;
				CLANG_WARN_DOCUMENTATION_COMMENTS = YES;
				CLANG_WARN_EMPTY_BODY = YES;
				CLANG_WARN_ENUM_CONVERSION = YES;
				CLANG_WARN_INFINITE_RECURSION = YES;
				CLANG_WARN_INT_CONVERSION = YES;
				CLANG_WARN_OBJC_ROOT_CLASS = YES_ERROR;
				CLANG_WARN_SUSPICIOUS_MOVE = YES;
				CLANG_WARN_UNREACHABLE_CODE = YES;
				CLANG_WARN__DUPLICATE_METHOD_MATCH = YES;
				"CODE_SIGN_IDENTITY[sdk=iphoneos*]" = "iPhone Developer";
				COPY_PHASE_STRIP = NO;
				DEBUG_INFORMATION_FORMAT = "dwarf-with-dsym";
				ENABLE_NS_ASSERTIONS = NO;
				ENABLE_STRICT_OBJC_MSGSEND = YES;
				GCC_C_LANGUAGE_STANDARD = gnu99;
				GCC_NO_COMMON_BLOCKS = YES;
				GCC_WARN_64_TO_32_BIT_CONVERSION = YES;
				GCC_WARN_ABOUT_RETURN_TYPE = YES_ERROR;
				GCC_WARN_UNDECLARED_SELECTOR = YES;
				GCC_WARN_UNINITIALIZED_AUTOS = YES_AGGRESSIVE;
				GCC_WARN_UNUSED_FUNCTION = YES;
				GCC_WARN_UNUSED_VARIABLE = YES;
				IPHONEOS_DEPLOYMENT_TARGET = 10.3;
				MTL_ENABLE_DEBUG_INFO = NO;
				SDKROOT = iphoneos;
				VALIDATE_PRODUCT = YES;
			};
			name = Release;
		};
		D27F859E1F4FF88600916135 /* Debug */ = {
			isa = XCBuildConfiguration;
			buildSettings = {
				ASSETCATALOG_COMPILER_APPICON_NAME = AppIcon;
				INFOPLIST_FILE = CGContextRefDemo/Info.plist;
				LD_RUNPATH_SEARCH_PATHS = "$(inherited) @executable_path/Frameworks";
				PRODUCT_BUNDLE_IDENTIFIER = com.du.CGContextRefDemo;
				PRODUCT_NAME = "$(TARGET_NAME)";
			};
			name = Debug;
		};
		D27F859F1F4FF88600916135 /* Release */ = {
			isa = XCBuildConfiguration;
			buildSettings = {
				ASSETCATALOG_COMPILER_APPICON_NAME = AppIcon;
				INFOPLIST_FILE = CGContextRefDemo/Info.plist;
				LD_RUNPATH_SEARCH_PATHS = "$(inherited) @executable_path/Frameworks";
				PRODUCT_BUNDLE_IDENTIFIER = com.du.CGContextRefDemo;
				PRODUCT_NAME = "$(TARGET_NAME)";
			};
			name = Release;
		};
		D27F85A11F4FF88600916135 /* Debug */ = {
			isa = XCBuildConfiguration;
			buildSettings = {
				BUNDLE_LOADER = "$(TEST_HOST)";
				INFOPLIST_FILE = CGContextRefDemoTests/Info.plist;
				LD_RUNPATH_SEARCH_PATHS = "$(inherited) @executable_path/Frameworks @loader_path/Frameworks";
				PRODUCT_BUNDLE_IDENTIFIER = com.du.CGContextRefDemoTests;
				PRODUCT_NAME = "$(TARGET_NAME)";
				TEST_HOST = "$(BUILT_PRODUCTS_DIR)/CGContextRefDemo.app/CGContextRefDemo";
			};
			name = Debug;
		};
		D27F85A21F4FF88600916135 /* Release */ = {
			isa = XCBuildConfiguration;
			buildSettings = {
				BUNDLE_LOADER = "$(TEST_HOST)";
				INFOPLIST_FILE = CGContextRefDemoTests/Info.plist;
				LD_RUNPATH_SEARCH_PATHS = "$(inherited) @executable_path/Frameworks @loader_path/Frameworks";
				PRODUCT_BUNDLE_IDENTIFIER = com.du.CGContextRefDemoTests;
				PRODUCT_NAME = "$(TARGET_NAME)";
				TEST_HOST = "$(BUILT_PRODUCTS_DIR)/CGContextRefDemo.app/CGContextRefDemo";
			};
			name = Release;
		};
		D27F85A41F4FF88600916135 /* Debug */ = {
			isa = XCBuildConfiguration;
			buildSettings = {
				INFOPLIST_FILE = CGContextRefDemoUITests/Info.plist;
				LD_RUNPATH_SEARCH_PATHS = "$(inherited) @executable_path/Frameworks @loader_path/Frameworks";
				PRODUCT_BUNDLE_IDENTIFIER = com.du.CGContextRefDemoUITests;
				PRODUCT_NAME = "$(TARGET_NAME)";
				TEST_TARGET_NAME = CGContextRefDemo;
			};
			name = Debug;
		};
		D27F85A51F4FF88600916135 /* Release */ = {
			isa = XCBuildConfiguration;
			buildSettings = {
				INFOPLIST_FILE = CGContextRefDemoUITests/Info.plist;
				LD_RUNPATH_SEARCH_PATHS = "$(inherited) @executable_path/Frameworks @loader_path/Frameworks";
				PRODUCT_BUNDLE_IDENTIFIER = com.du.CGContextRefDemoUITests;
				PRODUCT_NAME = "$(TARGET_NAME)";
				TEST_TARGET_NAME = CGContextRefDemo;
			};
			name = Release;
		};
/* End XCBuildConfiguration section */

/* Begin XCConfigurationList section */
		D27F856B1F4FF88500916135 /* Build configuration list for PBXProject "CGContextRefDemo" */ = {
			isa = XCConfigurationList;
			buildConfigurations = (
				D27F859B1F4FF88600916135 /* Debug */,
				D27F859C1F4FF88600916135 /* Release */,
			);
			defaultConfigurationIsVisible = 0;
			defaultConfigurationName = Release;
		};
		D27F859D1F4FF88600916135 /* Build configuration list for PBXNativeTarget "CGContextRefDemo" */ = {
			isa = XCConfigurationList;
			buildConfigurations = (
				D27F859E1F4FF88600916135 /* Debug */,
				D27F859F1F4FF88600916135 /* Release */,
			);
			defaultConfigurationIsVisible = 0;
			defaultConfigurationName = Release;
		};
		D27F85A01F4FF88600916135 /* Build configuration list for PBXNativeTarget "CGContextRefDemoTests" */ = {
			isa = XCConfigurationList;
			buildConfigurations = (
				D27F85A11F4FF88600916135 /* Debug */,
				D27F85A21F4FF88600916135 /* Release */,
			);
			defaultConfigurationIsVisible = 0;
			defaultConfigurationName = Release;
		};
		D27F85A31F4FF88600916135 /* Build configuration list for PBXNativeTarget "CGContextRefDemoUITests" */ = {
			isa = XCConfigurationList;
			buildConfigurations = (
				D27F85A41F4FF88600916135 /* Debug */,
				D27F85A51F4FF88600916135 /* Release */,
			);
			defaultConfigurationIsVisible = 0;
			defaultConfigurationName = Release;
		};
/* End XCConfigurationList section */
	};
	rootObject = D27F85681F4FF88500916135 /* Project object */;
}
